
Microsoft Visual Studio Solution File, Format Version 12.00
# Visual Studio Version 17
VisualStudioVersion = 17.0.31903.59
MinimumVisualStudioVersion = 10.0.40219.1
Project("{9A19103F-16F7-4668-BE54-9A1E7A4F7556}") = "Kas.Test.Console", "src\Kas.Test.Console\Kas.Test.Console.csproj", "{333C2AF6-3292-40B1-80EC-60B8648572AE}"
EndProject
Global
	GlobalSection(SolutionConfigurationPlatforms) = preSolution
		Debug|Any CPU = Debug|Any CPU
		Release|Any CPU = Release|Any CPU
	EndGlobalSection
	GlobalSection(ProjectConfigurationPlatforms) = postSolution
		{333C2AF6-3292-40B1-80EC-60B8648572AE}.Debug|Any CPU.ActiveCfg = Debug|Any CPU
		{333C2AF6-3292-40B1-80EC-60B8648572AE}.Debug|Any CPU.Build.0 = Debug|Any CPU
		{333C2AF6-3292-40B1-80EC-60B8648572AE}.Release|Any CPU.ActiveCfg = Release|Any CPU
		{333C2AF6-3292-40B1-80EC-60B8648572AE}.Release|Any CPU.Build.0 = Release|Any CPU
	EndGlobalSection
	GlobalSection(SolutionProperties) = preSolution
		HideSolutionNode = FALSE
	EndGlobalSection
EndGlobal
